
Microsoft Visual Studio Solution File, Format Version 12.00
# Visual Studio Version 17
VisualStudioVersion = 17.0.31903.59
MinimumVisualStudioVersion = 10.0.40219.1
Project("{2150E333-8FDC-42A3-9474-1A3956D46DE8}") = "src", "src", "{19B6C5ED-368C-42C8-BF88-8452961E836D}"
EndProject
Project("{FAE04EC0-301F-11D3-BF4B-00C04F79EFBC}") = "Sample", "src\Sample\Sample.csproj", "{C3046CF1-0D34-4300-9D8A-3EFD225BD05B}"
EndProject
Project("{FAE04EC0-301F-11D3-BF4B-00C04F79EFBC}") = "Wivuu.AspNetCore.APIKey", "src\Wivuu.AspNetCore.APIKey\Wivuu.AspNetCore.APIKey.csproj", "{1909CE0E-2636-47E5-BFC1-B1EBA255B5D5}"
EndProject
Project("{2150E333-8FDC-42A3-9474-1A3956D46DE8}") = "tests", "tests", "{B4B6B096-F81B-4394-BFCB-9F43F302E7EB}"
EndProject
Project("{FAE04EC0-301F-11D3-BF4B-00C04F79EFBC}") = "Wivuu.AspNetCore.APIKeyTests", "tests\Wivuu.AspNetCore.APIKeyTests\Wivuu.AspNetCore.APIKeyTests.csproj", "{43E107C5-2AD2-4F3B-8DCF-B96A3C1BCBD9}"
EndProject
Global
	GlobalSection(SolutionProperties) = preSolution
		HideSolutionNode = FALSE
	EndGlobalSection
	GlobalSection(SolutionConfigurationPlatforms) = preSolution
		Debug|Any CPU = Debug|Any CPU
		Debug|x64 = Debug|x64
		Debug|x86 = Debug|x86
		Release|Any CPU = Release|Any CPU
		Release|x64 = Release|x64
		Release|x86 = Release|x86
	EndGlobalSection
	GlobalSection(ProjectConfigurationPlatforms) = postSolution
		{C3046CF1-0D34-4300-9D8A-3EFD225BD05B}.Debug|Any CPU.ActiveCfg = Debug|Any CPU
		{C3046CF1-0D34-4300-9D8A-3EFD225BD05B}.Debug|Any CPU.Build.0 = Debug|Any CPU
		{C3046CF1-0D34-4300-9D8A-3EFD225BD05B}.Debug|x64.ActiveCfg = Debug|Any CPU
		{C3046CF1-0D34-4300-9D8A-3EFD225BD05B}.Debug|x64.Build.0 = Debug|Any CPU
		{C3046CF1-0D34-4300-9D8A-3EFD225BD05B}.Debug|x86.ActiveCfg = Debug|Any CPU
		{C3046CF1-0D34-4300-9D8A-3EFD225BD05B}.Debug|x86.Build.0 = Debug|Any CPU
		{C3046CF1-0D34-4300-9D8A-3EFD225BD05B}.Release|Any CPU.ActiveCfg = Release|Any CPU
		{C3046CF1-0D34-4300-9D8A-3EFD225BD05B}.Release|Any CPU.Build.0 = Release|Any CPU
		{C3046CF1-0D34-4300-9D8A-3EFD225BD05B}.Release|x64.ActiveCfg = Release|Any CPU
		{C3046CF1-0D34-4300-9D8A-3EFD225BD05B}.Release|x64.Build.0 = Release|Any CPU
		{C3046CF1-0D34-4300-9D8A-3EFD225BD05B}.Release|x86.ActiveCfg = Release|Any CPU
		{C3046CF1-0D34-4300-9D8A-3EFD225BD05B}.Release|x86.Build.0 = Release|Any CPU
		{1909CE0E-2636-47E5-BFC1-B1EBA255B5D5}.Debug|Any CPU.ActiveCfg = Debug|Any CPU
		{1909CE0E-2636-47E5-BFC1-B1EBA255B5D5}.Debug|Any CPU.Build.0 = Debug|Any CPU
		{1909CE0E-2636-47E5-BFC1-B1EBA255B5D5}.Debug|x64.ActiveCfg = Debug|Any CPU
		{1909CE0E-2636-47E5-BFC1-B1EBA255B5D5}.Debug|x64.Build.0 = Debug|Any CPU
		{1909CE0E-2636-47E5-BFC1-B1EBA255B5D5}.Debug|x86.ActiveCfg = Debug|Any CPU
		{1909CE0E-2636-47E5-BFC1-B1EBA255B5D5}.Debug|x86.Build.0 = Debug|Any CPU
		{1909CE0E-2636-47E5-BFC1-B1EBA255B5D5}.Release|Any CPU.ActiveCfg = Release|Any CPU
		{1909CE0E-2636-47E5-BFC1-B1EBA255B5D5}.Release|Any CPU.Build.0 = Release|Any CPU
		{1909CE0E-2636-47E5-BFC1-B1EBA255B5D5}.Release|x64.ActiveCfg = Release|Any CPU
		{1909CE0E-2636-47E5-BFC1-B1EBA255B5D5}.Release|x64.Build.0 = Release|Any CPU
		{1909CE0E-2636-47E5-BFC1-B1EBA255B5D5}.Release|x86.ActiveCfg = Release|Any CPU
		{1909CE0E-2636-47E5-BFC1-B1EBA255B5D5}.Release|x86.Build.0 = Release|Any CPU
		{43E107C5-2AD2-4F3B-8DCF-B96A3C1BCBD9}.Debug|Any CPU.ActiveCfg = Debug|Any CPU
		{43E107C5-2AD2-4F3B-8DCF-B96A3C1BCBD9}.Debug|Any CPU.Build.0 = Debug|Any CPU
		{43E107C5-2AD2-4F3B-8DCF-B96A3C1BCBD9}.Debug|x64.ActiveCfg = Debug|Any CPU
		{43E107C5-2AD2-4F3B-8DCF-B96A3C1BCBD9}.Debug|x64.Build.0 = Debug|Any CPU
		{43E107C5-2AD2-4F3B-8DCF-B96A3C1BCBD9}.Debug|x86.ActiveCfg = Debug|Any CPU
		{43E107C5-2AD2-4F3B-8DCF-B96A3C1BCBD9}.Debug|x86.Build.0 = Debug|Any CPU
		{43E107C5-2AD2-4F3B-8DCF-B96A3C1BCBD9}.Release|Any CPU.ActiveCfg = Release|Any CPU
		{43E107C5-2AD2-4F3B-8DCF-B96A3C1BCBD9}.Release|Any CPU.Build.0 = Release|Any CPU
		{43E107C5-2AD2-4F3B-8DCF-B96A3C1BCBD9}.Release|x64.ActiveCfg = Release|Any CPU
		{43E107C5-2AD2-4F3B-8DCF-B96A3C1BCBD9}.Release|x64.Build.0 = Release|Any CPU
		{43E107C5-2AD2-4F3B-8DCF-B96A3C1BCBD9}.Release|x86.ActiveCfg = Release|Any CPU
		{43E107C5-2AD2-4F3B-8DCF-B96A3C1BCBD9}.Release|x86.Build.0 = Release|Any CPU
	EndGlobalSection
	GlobalSection(NestedProjects) = preSolution
		{C3046CF1-0D34-4300-9D8A-3EFD225BD05B} = {19B6C5ED-368C-42C8-BF88-8452961E836D}
		{1909CE0E-2636-47E5-BFC1-B1EBA255B5D5} = {19B6C5ED-368C-42C8-BF88-8452961E836D}
		{43E107C5-2AD2-4F3B-8DCF-B96A3C1BCBD9} = {B4B6B096-F81B-4394-BFCB-9F43F302E7EB}
	EndGlobalSection
EndGlobal
